
Microsoft Visual Studio Solution File, Format Version 12.00
# Visual Studio Version 17
VisualStudioVersion = 17.0.31903.59
MinimumVisualStudioVersion = 10.0.40219.1
Project("{2150E333-8FDC-42A3-9474-1A3956D46DE8}") = "src", "src", "{60069F84-9576-40E3-85A9-40D01FEA3D57}"
EndProject
Project("{FAE04EC0-301F-11D3-BF4B-00C04F79EFBC}") = "LibrarySeatReservation.Web", "src\LibrarySeatReservation.Web\LibrarySeatReservation.Web.csproj", "{72911A3B-8E76-4651-9F57-6F6075FA68AB}"
EndProject
Global
	GlobalSection(SolutionConfigurationPlatforms) = preSolution
		Debug|Any CPU = Debug|Any CPU
		Release|Any CPU = Release|Any CPU
	EndGlobalSection
	GlobalSection(SolutionProperties) = preSolution
		HideSolutionNode = FALSE
	EndGlobalSection
	GlobalSection(ProjectConfigurationPlatforms) = postSolution
		{72911A3B-8E76-4651-9F57-6F6075FA68AB}.Debug|Any CPU.ActiveCfg = Debug|Any CPU
		{72911A3B-8E76-4651-9F57-6F6075FA68AB}.Debug|Any CPU.Build.0 = Debug|Any CPU
		{72911A3B-8E76-4651-9F57-6F6075FA68AB}.Release|Any CPU.ActiveCfg = Release|Any CPU
		{72911A3B-8E76-4651-9F57-6F6075FA68AB}.Release|Any CPU.Build.0 = Release|Any CPU
	EndGlobalSection
	GlobalSection(NestedProjects) = preSolution
		{72911A3B-8E76-4651-9F57-6F6075FA68AB} = {60069F84-9576-40E3-85A9-40D01FEA3D57}
	EndGlobalSection
EndGlobal
